
Microsoft Visual Studio Solution File, Format Version 12.00
# Visual Studio Version 17
VisualStudioVersion = 17.10.35027.167
MinimumVisualStudioVersion = 10.0.40219.1
Project("{FAE04EC0-301F-11D3-BF4B-00C04F79EFBC}") = "OPC.EFiling.API", "OPC.EFiling.API\OPC.EFiling.API.csproj", "{F4C4FF2D-8E69-46D2-A12B-44F1C17439D6}"
EndProject
Project("{FAE04EC0-301F-11D3-BF4B-00C04F79EFBC}") = "OPC.EFiling.Domain", "OPC.EFiling.Domain\OPC.EFiling.Domain.csproj", "{AE328F0E-9688-4ABF-80AB-EB4E33FF4A74}"
EndProject
Project("{FAE04EC0-301F-11D3-BF4B-00C04F79EFBC}") = "OPC.EFiling.Application", "OPC.EFiling.Application\OPC.EFiling.Application.csproj", "{BE77F328-0CD5-4EC2-98D5-5395E3861CA8}"
EndProject
Project("{FAE04EC0-301F-11D3-BF4B-00C04F79EFBC}") = "OPC.EFiling.Infrastructure", "OPC.EFiling.Infrastructure\OPC.EFiling.Infrastructure.csproj", "{2E6CF541-0496-759C-7E25-D7A8294E9568}"
EndProject
Global
	GlobalSection(SolutionConfigurationPlatforms) = preSolution
		Debug|Any CPU = Debug|Any CPU
		Release|Any CPU = Release|Any CPU
	EndGlobalSection
	GlobalSection(ProjectConfigurationPlatforms) = postSolution
		{F4C4FF2D-8E69-46D2-A12B-44F1C17439D6}.Debug|Any CPU.ActiveCfg = Debug|Any CPU
		{F4C4FF2D-8E69-46D2-A12B-44F1C17439D6}.Debug|Any CPU.Build.0 = Debug|Any CPU
		{F4C4FF2D-8E69-46D2-A12B-44F1C17439D6}.Release|Any CPU.ActiveCfg = Release|Any CPU
		{F4C4FF2D-8E69-46D2-A12B-44F1C17439D6}.Release|Any CPU.Build.0 = Release|Any CPU
		{AE328F0E-9688-4ABF-80AB-EB4E33FF4A74}.Debug|Any CPU.ActiveCfg = Debug|Any CPU
		{AE328F0E-9688-4ABF-80AB-EB4E33FF4A74}.Debug|Any CPU.Build.0 = Debug|Any CPU
		{AE328F0E-9688-4ABF-80AB-EB4E33FF4A74}.Release|Any CPU.ActiveCfg = Release|Any CPU
		{AE328F0E-9688-4ABF-80AB-EB4E33FF4A74}.Release|Any CPU.Build.0 = Release|Any CPU
		{BE77F328-0CD5-4EC2-98D5-5395E3861CA8}.Debug|Any CPU.ActiveCfg = Debug|Any CPU
		{BE77F328-0CD5-4EC2-98D5-5395E3861CA8}.Debug|Any CPU.Build.0 = Debug|Any CPU
		{BE77F328-0CD5-4EC2-98D5-5395E3861CA8}.Release|Any CPU.ActiveCfg = Release|Any CPU
		{BE77F328-0CD5-4EC2-98D5-5395E3861CA8}.Release|Any CPU.Build.0 = Release|Any CPU
		{2E6CF541-0496-759C-7E25-D7A8294E9568}.Debug|Any CPU.ActiveCfg = Debug|Any CPU
		{2E6CF541-0496-759C-7E25-D7A8294E9568}.Debug|Any CPU.Build.0 = Debug|Any CPU
		{2E6CF541-0496-759C-7E25-D7A8294E9568}.Release|Any CPU.ActiveCfg = Release|Any CPU
		{2E6CF541-0496-759C-7E25-D7A8294E9568}.Release|Any CPU.Build.0 = Release|Any CPU
	EndGlobalSection
	GlobalSection(SolutionProperties) = preSolution
		HideSolutionNode = FALSE
	EndGlobalSection
	GlobalSection(ExtensibilityGlobals) = postSolution
		SolutionGuid = {E342F8BA-4AEF-4ABA-8E3B-2232871C57CB}
	EndGlobalSection
EndGlobal
